// !$*UTF8*$!
{
	archiveVersion = 1;
	classes = {
	};
	objectVersion = 46;
	objects = {

/* Begin PBXBuildFile section */
		27A3DD0C0A5F9412490417A6 /* Pods_SearcherTests.framework in Frameworks */ = {isa = PBXBuildFile; fileRef = 1E75387DDE754022A63C2D7B /* Pods_SearcherTests.framework */; };
		2E7747E8B5CFEEDA7BF3A89F /* Pods_Searcher.framework in Frameworks */ = {isa = PBXBuildFile; fileRef = E567840B2BC3F9A1A5A14B6A /* Pods_Searcher.framework */; };
		8D4534AEF71A582DD1B2E2CC /* Pods_SearcherUITests.framework in Frameworks */ = {isa = PBXBuildFile; fileRef = DC77219044F165E7D0C4C210 /* Pods_SearcherUITests.framework */; };
		DE2E394E1D63FF9400A118FB /* data.json in Resources */ = {isa = PBXBuildFile; fileRef = DE2E394D1D63FF9400A118FB /* data.json */; };
		DE4CF89D1D51314D00FB9992 /* CustomBar.swift in Sources */ = {isa = PBXBuildFile; fileRef = DE4CF89C1D51314D00FB9992 /* CustomBar.swift */; };
		DEB087301D5EB48D0053D722 /* SearchObj.swift in Sources */ = {isa = PBXBuildFile; fileRef = DEB0872F1D5EB48D0053D722 /* SearchObj.swift */; };
		DEB087321D5EB63B0053D722 /* KeywordObj.swift in Sources */ = {isa = PBXBuildFile; fileRef = DEB087311D5EB63A0053D722 /* KeywordObj.swift */; };
		DEC823261D44CFE600B7EFC2 /* AppDelegate.swift in Sources */ = {isa = PBXBuildFile; fileRef = DEC823251D44CFE600B7EFC2 /* AppDelegate.swift */; };
		DEC8232D1D44CFE600B7EFC2 /* Main.storyboard in Resources */ = {isa = PBXBuildFile; fileRef = DEC8232B1D44CFE600B7EFC2 /* Main.storyboard */; };
		DEC8232F1D44CFE600B7EFC2 /* Assets.xcassets in Resources */ = {isa = PBXBuildFile; fileRef = DEC8232E1D44CFE600B7EFC2 /* Assets.xcassets */; };
		DEC823321D44CFE600B7EFC2 /* LaunchScreen.storyboard in Resources */ = {isa = PBXBuildFile; fileRef = DEC823301D44CFE600B7EFC2 /* LaunchScreen.storyboard */; };
		DEC8233D1D44CFE600B7EFC2 /* SearcherTests.swift in Sources */ = {isa = PBXBuildFile; fileRef = DEC8233C1D44CFE600B7EFC2 /* SearcherTests.swift */; };
		DEC823481D44CFE600B7EFC2 /* SearcherUITests.swift in Sources */ = {isa = PBXBuildFile; fileRef = DEC823471D44CFE600B7EFC2 /* SearcherUITests.swift */; };
		DEC8235F1D44EA2C00B7EFC2 /* SearchViewController.swift in Sources */ = {isa = PBXBuildFile; fileRef = DEC8235E1D44EA2C00B7EFC2 /* SearchViewController.swift */; };
		DEC823611D44EA3F00B7EFC2 /* BookmarkViewController.swift in Sources */ = {isa = PBXBuildFile; fileRef = DEC823601D44EA3F00B7EFC2 /* BookmarkViewController.swift */; };
		DEC823631D44EA5100B7EFC2 /* SettingsViewController.swift in Sources */ = {isa = PBXBuildFile; fileRef = DEC823621D44EA5100B7EFC2 /* SettingsViewController.swift */; };
		DEC823661D44F40000B7EFC2 /* Candy.swift in Sources */ = {isa = PBXBuildFile; fileRef = DEC823651D44F40000B7EFC2 /* Candy.swift */; };
/* End PBXBuildFile section */

/* Begin PBXContainerItemProxy section */
		DEC823391D44CFE600B7EFC2 /* PBXContainerItemProxy */ = {
			isa = PBXContainerItemProxy;
			containerPortal = DEC8231A1D44CFE600B7EFC2 /* Project object */;
			proxyType = 1;
			remoteGlobalIDString = DEC823211D44CFE600B7EFC2;
			remoteInfo = Searcher;
		};
		DEC823441D44CFE600B7EFC2 /* PBXContainerItemProxy */ = {
			isa = PBXContainerItemProxy;
			containerPortal = DEC8231A1D44CFE600B7EFC2 /* Project object */;
			proxyType = 1;
			remoteGlobalIDString = DEC823211D44CFE600B7EFC2;
			remoteInfo = Searcher;
		};
/* End PBXContainerItemProxy section */

/* Begin PBXFileReference section */
		1E75387DDE754022A63C2D7B /* Pods_SearcherTests.framework */ = {isa = PBXFileReference; explicitFileType = wrapper.framework; includeInIndex = 0; path = Pods_SearcherTests.framework; sourceTree = BUILT_PRODUCTS_DIR; };
		48465598C2761367118226A0 /* Pods-SearcherUITests.release.xcconfig */ = {isa = PBXFileReference; includeInIndex = 1; lastKnownFileType = text.xcconfig; name = "Pods-SearcherUITests.release.xcconfig"; path = "Pods/Target Support Files/Pods-SearcherUITests/Pods-SearcherUITests.release.xcconfig"; sourceTree = "<group>"; };
		87336D318819546DE6E4EA0B /* Pods-SearcherTests.debug.xcconfig */ = {isa = PBXFileReference; includeInIndex = 1; lastKnownFileType = text.xcconfig; name = "Pods-SearcherTests.debug.xcconfig"; path = "Pods/Target Support Files/Pods-SearcherTests/Pods-SearcherTests.debug.xcconfig"; sourceTree = "<group>"; };
		87F96D9226CF5309EB00D48F /* Pods-Searcher.debug.xcconfig */ = {isa = PBXFileReference; includeInIndex = 1; lastKnownFileType = text.xcconfig; name = "Pods-Searcher.debug.xcconfig"; path = "Pods/Target Support Files/Pods-Searcher/Pods-Searcher.debug.xcconfig"; sourceTree = "<group>"; };
		BCDA089A3AF81BEF47620E51 /* Pods-SearcherUITests.debug.xcconfig */ = {isa = PBXFileReference; includeInIndex = 1; lastKnownFileType = text.xcconfig; name = "Pods-SearcherUITests.debug.xcconfig"; path = "Pods/Target Support Files/Pods-SearcherUITests/Pods-SearcherUITests.debug.xcconfig"; sourceTree = "<group>"; };
		D402CB2E0CAF33E55C16CA0E /* Pods-Searcher.release.xcconfig */ = {isa = PBXFileReference; includeInIndex = 1; lastKnownFileType = text.xcconfig; name = "Pods-Searcher.release.xcconfig"; path = "Pods/Target Support Files/Pods-Searcher/Pods-Searcher.release.xcconfig"; sourceTree = "<group>"; };
		DC77219044F165E7D0C4C210 /* Pods_SearcherUITests.framework */ = {isa = PBXFileReference; explicitFileType = wrapper.framework; includeInIndex = 0; path = Pods_SearcherUITests.framework; sourceTree = BUILT_PRODUCTS_DIR; };
		DE2E394D1D63FF9400A118FB /* data.json */ = {isa = PBXFileReference; fileEncoding = 4; lastKnownFileType = text.json; path = data.json; sourceTree = "<group>"; };
		DE4CF89C1D51314D00FB9992 /* CustomBar.swift */ = {isa = PBXFileReference; fileEncoding = 4; lastKnownFileType = sourcecode.swift; path = CustomBar.swift; sourceTree = "<group>"; };
		DEB0872F1D5EB48D0053D722 /* SearchObj.swift */ = {isa = PBXFileReference; fileEncoding = 4; lastKnownFileType = sourcecode.swift; path = SearchObj.swift; sourceTree = "<group>"; };
		DEB087311D5EB63A0053D722 /* KeywordObj.swift */ = {isa = PBXFileReference; fileEncoding = 4; lastKnownFileType = sourcecode.swift; path = KeywordObj.swift; sourceTree = "<group>"; };
		DEC823221D44CFE600B7EFC2 /* Searcher.app */ = {isa = PBXFileReference; explicitFileType = wrapper.application; includeInIndex = 0; path = Searcher.app; sourceTree = BUILT_PRODUCTS_DIR; };
		DEC823251D44CFE600B7EFC2 /* AppDelegate.swift */ = {isa = PBXFileReference; lastKnownFileType = sourcecode.swift; path = AppDelegate.swift; sourceTree = "<group>"; };
		DEC8232C1D44CFE600B7EFC2 /* Base */ = {isa = PBXFileReference; lastKnownFileType = file.storyboard; name = Base; path = Base.lproj/Main.storyboard; sourceTree = "<group>"; };
		DEC8232E1D44CFE600B7EFC2 /* Assets.xcassets */ = {isa = PBXFileReference; lastKnownFileType = folder.assetcatalog; path = Assets.xcassets; sourceTree = "<group>"; };
		DEC823311D44CFE600B7EFC2 /* Base */ = {isa = PBXFileReference; lastKnownFileType = file.storyboard; name = Base; path = Base.lproj/LaunchScreen.storyboard; sourceTree = "<group>"; };
		DEC823331D44CFE600B7EFC2 /* Info.plist */ = {isa = PBXFileReference; lastKnownFileType = text.plist.xml; path = Info.plist; sourceTree = "<group>"; };
		DEC823381D44CFE600B7EFC2 /* SearcherTests.xctest */ = {isa = PBXFileReference; explicitFileType = wrapper.cfbundle; includeInIndex = 0; path = SearcherTests.xctest; sourceTree = BUILT_PRODUCTS_DIR; };
		DEC8233C1D44CFE600B7EFC2 /* SearcherTests.swift */ = {isa = PBXFileReference; lastKnownFileType = sourcecode.swift; path = SearcherTests.swift; sourceTree = "<group>"; };
		DEC8233E1D44CFE600B7EFC2 /* Info.plist */ = {isa = PBXFileReference; lastKnownFileType = text.plist.xml; path = Info.plist; sourceTree = "<group>"; };
		DEC823431D44CFE600B7EFC2 /* SearcherUITests.xctest */ = {isa = PBXFileReference; explicitFileType = wrapper.cfbundle; includeInIndex = 0; path = SearcherUITests.xctest; sourceTree = BUILT_PRODUCTS_DIR; };
		DEC823471D44CFE600B7EFC2 /* SearcherUITests.swift */ = {isa = PBXFileReference; lastKnownFileType = sourcecode.swift; path = SearcherUITests.swift; sourceTree = "<group>"; };
		DEC823491D44CFE600B7EFC2 /* Info.plist */ = {isa = PBXFileReference; lastKnownFileType = text.plist.xml; path = Info.plist; sourceTree = "<group>"; };
		DEC8235E1D44EA2C00B7EFC2 /* SearchViewController.swift */ = {isa = PBXFileReference; fileEncoding = 4; lastKnownFileType = sourcecode.swift; path = SearchViewController.swift; sourceTree = "<group>"; };
		DEC823601D44EA3F00B7EFC2 /* BookmarkViewController.swift */ = {isa = PBXFileReference; fileEncoding = 4; lastKnownFileType = sourcecode.swift; path = BookmarkViewController.swift; sourceTree = "<group>"; };
		DEC823621D44EA5100B7EFC2 /* SettingsViewController.swift */ = {isa = PBXFileReference; fileEncoding = 4; lastKnownFileType = sourcecode.swift; path = SettingsViewController.swift; sourceTree = "<group>"; };
		DEC823651D44F40000B7EFC2 /* Candy.swift */ = {isa = PBXFileReference; fileEncoding = 4; lastKnownFileType = sourcecode.swift; path = Candy.swift; sourceTree = "<group>"; };
		DF1B3F1066E09A1F8656E42A /* Pods-SearcherTests.release.xcconfig */ = {isa = PBXFileReference; includeInIndex = 1; lastKnownFileType = text.xcconfig; name = "Pods-SearcherTests.release.xcconfig"; path = "Pods/Target Support Files/Pods-SearcherTests/Pods-SearcherTests.release.xcconfig"; sourceTree = "<group>"; };
		E567840B2BC3F9A1A5A14B6A /* Pods_Searcher.framework */ = {isa = PBXFileReference; explicitFileType = wrapper.framework; includeInIndex = 0; path = Pods_Searcher.framework; sourceTree = BUILT_PRODUCTS_DIR; };
/* End PBXFileReference section */

/* Begin PBXFrameworksBuildPhase section */
		DEC8231F1D44CFE600B7EFC2 /* Frameworks */ = {
			isa = PBXFrameworksBuildPhase;
			buildActionMask = 2147483647;
			files = (
				2E7747E8B5CFEEDA7BF3A89F /* Pods_Searcher.framework in Frameworks */,
			);
			runOnlyForDeploymentPostprocessing = 0;
		};
		DEC823351D44CFE600B7EFC2 /* Frameworks */ = {
			isa = PBXFrameworksBuildPhase;
			buildActionMask = 2147483647;
			files = (
				27A3DD0C0A5F9412490417A6 /* Pods_SearcherTests.framework in Frameworks */,
			);
			runOnlyForDeploymentPostprocessing = 0;
		};
		DEC823401D44CFE600B7EFC2 /* Frameworks */ = {
			isa = PBXFrameworksBuildPhase;
			buildActionMask = 2147483647;
			files = (
				8D4534AEF71A582DD1B2E2CC /* Pods_SearcherUITests.framework in Frameworks */,
			);
			runOnlyForDeploymentPostprocessing = 0;
		};
/* End PBXFrameworksBuildPhase section */

/* Begin PBXGroup section */
		199CC87DD090A0B01ACCB65A /* Frameworks */ = {
			isa = PBXGroup;
			children = (
				E567840B2BC3F9A1A5A14B6A /* Pods_Searcher.framework */,
				1E75387DDE754022A63C2D7B /* Pods_SearcherTests.framework */,
				DC77219044F165E7D0C4C210 /* Pods_SearcherUITests.framework */,
			);
			name = Frameworks;
			sourceTree = "<group>";
		};
		20DAC5BB221973D1DA862BA1 /* Pods */ = {
			isa = PBXGroup;
			children = (
				87F96D9226CF5309EB00D48F /* Pods-Searcher.debug.xcconfig */,
				D402CB2E0CAF33E55C16CA0E /* Pods-Searcher.release.xcconfig */,
				87336D318819546DE6E4EA0B /* Pods-SearcherTests.debug.xcconfig */,
				DF1B3F1066E09A1F8656E42A /* Pods-SearcherTests.release.xcconfig */,
				BCDA089A3AF81BEF47620E51 /* Pods-SearcherUITests.debug.xcconfig */,
				48465598C2761367118226A0 /* Pods-SearcherUITests.release.xcconfig */,
			);
			name = Pods;
			sourceTree = "<group>";
		};
		DE4CF8971D512D6D00FB9992 /* Customs */ = {
			isa = PBXGroup;
			children = (
				DE4CF89C1D51314D00FB9992 /* CustomBar.swift */,
			);
			path = Customs;
			sourceTree = "<group>";
		};
		DEB087331D5EB73E0053D722 /* ExternalFiles */ = {
			isa = PBXGroup;
			children = (
				DE2E394D1D63FF9400A118FB /* data.json */,
			);
			path = ExternalFiles;
			sourceTree = "<group>";
		};
		DEC823191D44CFE600B7EFC2 = {
			isa = PBXGroup;
			children = (
				DEC823241D44CFE600B7EFC2 /* Searcher */,
				DEC8233B1D44CFE600B7EFC2 /* SearcherTests */,
				DEC823461D44CFE600B7EFC2 /* SearcherUITests */,
				DEC823231D44CFE600B7EFC2 /* Products */,
				20DAC5BB221973D1DA862BA1 /* Pods */,
				199CC87DD090A0B01ACCB65A /* Frameworks */,
			);
			sourceTree = "<group>";
		};
		DEC823231D44CFE600B7EFC2 /* Products */ = {
			isa = PBXGroup;
			children = (
				DEC823221D44CFE600B7EFC2 /* Searcher.app */,
				DEC823381D44CFE600B7EFC2 /* SearcherTests.xctest */,
				DEC823431D44CFE600B7EFC2 /* SearcherUITests.xctest */,
			);
			name = Products;
			sourceTree = "<group>";
		};
		DEC823241D44CFE600B7EFC2 /* Searcher */ = {
			isa = PBXGroup;
			children = (
				DEB087331D5EB73E0053D722 /* ExternalFiles */,
				DE4CF8971D512D6D00FB9992 /* Customs */,
				DEC823641D44F3DF00B7EFC2 /* Models */,
				DEC823571D44E98100B7EFC2 /* ViewControllers */,
				DEC823251D44CFE600B7EFC2 /* AppDelegate.swift */,
				DEC8232B1D44CFE600B7EFC2 /* Main.storyboard */,
				DEC8232E1D44CFE600B7EFC2 /* Assets.xcassets */,
				DEC823301D44CFE600B7EFC2 /* LaunchScreen.storyboard */,
				DEC823331D44CFE600B7EFC2 /* Info.plist */,
			);
			path = Searcher;
			sourceTree = "<group>";
		};
		DEC8233B1D44CFE600B7EFC2 /* SearcherTests */ = {
			isa = PBXGroup;
			children = (
				DEC8233C1D44CFE600B7EFC2 /* SearcherTests.swift */,
				DEC8233E1D44CFE600B7EFC2 /* Info.plist */,
			);
			path = SearcherTests;
			sourceTree = "<group>";
		};
		DEC823461D44CFE600B7EFC2 /* SearcherUITests */ = {
			isa = PBXGroup;
			children = (
				DEC823471D44CFE600B7EFC2 /* SearcherUITests.swift */,
				DEC823491D44CFE600B7EFC2 /* Info.plist */,
			);
			path = SearcherUITests;
			sourceTree = "<group>";
		};
		DEC823571D44E98100B7EFC2 /* ViewControllers */ = {
			isa = PBXGroup;
			children = (
				DEC8235E1D44EA2C00B7EFC2 /* SearchViewController.swift */,
				DEC823601D44EA3F00B7EFC2 /* BookmarkViewController.swift */,
				DEC823621D44EA5100B7EFC2 /* SettingsViewController.swift */,
			);
			path = ViewControllers;
			sourceTree = "<group>";
		};
		DEC823641D44F3DF00B7EFC2 /* Models */ = {
			isa = PBXGroup;
			children = (
				DEC823651D44F40000B7EFC2 /* Candy.swift */,
				DEB0872F1D5EB48D0053D722 /* SearchObj.swift */,
				DEB087311D5EB63A0053D722 /* KeywordObj.swift */,
			);
			path = Models;
			sourceTree = "<group>";
		};
/* End PBXGroup section */

/* Begin PBXNativeTarget section */
		DEC823211D44CFE600B7EFC2 /* Searcher */ = {
			isa = PBXNativeTarget;
			buildConfigurationList = DEC8234C1D44CFE600B7EFC2 /* Build configuration list for PBXNativeTarget "Searcher" */;
			buildPhases = (
				77E76A346BFC822393D6D0DF /* [CP] Check Pods Manifest.lock */,
				DEC8231E1D44CFE600B7EFC2 /* Sources */,
				DEC8231F1D44CFE600B7EFC2 /* Frameworks */,
				DEC823201D44CFE600B7EFC2 /* Resources */,
				A41024D38B7285FB46091A31 /* [CP] Embed Pods Frameworks */,
				730710C1525FEF7EB8523E2E /* [CP] Copy Pods Resources */,
			);
			buildRules = (
			);
			dependencies = (
			);
			name = Searcher;
			productName = Searcher;
			productReference = DEC823221D44CFE600B7EFC2 /* Searcher.app */;
			productType = "com.apple.product-type.application";
		};
		DEC823371D44CFE600B7EFC2 /* SearcherTests */ = {
			isa = PBXNativeTarget;
			buildConfigurationList = DEC8234F1D44CFE600B7EFC2 /* Build configuration list for PBXNativeTarget "SearcherTests" */;
			buildPhases = (
				4740BF2A432A9BCC90F1F7C9 /* [CP] Check Pods Manifest.lock */,
				DEC823341D44CFE600B7EFC2 /* Sources */,
				DEC823351D44CFE600B7EFC2 /* Frameworks */,
				DEC823361D44CFE600B7EFC2 /* Resources */,
				1F84E82B78BC97E9CEFE2D77 /* [CP] Embed Pods Frameworks */,
				74407355485D2E3712CF984F /* [CP] Copy Pods Resources */,
			);
			buildRules = (
			);
			dependencies = (
				DEC8233A1D44CFE600B7EFC2 /* PBXTargetDependency */,
			);
			name = SearcherTests;
			productName = SearcherTests;
			productReference = DEC823381D44CFE600B7EFC2 /* SearcherTests.xctest */;
			productType = "com.apple.product-type.bundle.unit-test";
		};
		DEC823421D44CFE600B7EFC2 /* SearcherUITests */ = {
			isa = PBXNativeTarget;
			buildConfigurationList = DEC823521D44CFE600B7EFC2 /* Build configuration list for PBXNativeTarget "SearcherUITests" */;
			buildPhases = (
				78F9DC980C7C5806B441E3AC /* [CP] Check Pods Manifest.lock */,
				DEC8233F1D44CFE600B7EFC2 /* Sources */,
				DEC823401D44CFE600B7EFC2 /* Frameworks */,
				DEC823411D44CFE600B7EFC2 /* Resources */,
				8B802ABA191A4118F2470047 /* [CP] Copy Pods Resources */,
			);
			buildRules = (
			);
			dependencies = (
				DEC823451D44CFE600B7EFC2 /* PBXTargetDependency */,
			);
			name = SearcherUITests;
			productName = SearcherUITests;
			productReference = DEC823431D44CFE600B7EFC2 /* SearcherUITests.xctest */;
			productType = "com.apple.product-type.bundle.ui-testing";
		};
/* End PBXNativeTarget section */

/* Begin PBXProject section */
		DEC8231A1D44CFE600B7EFC2 /* Project object */ = {
			isa = PBXProject;
			attributes = {
				LastSwiftUpdateCheck = 0730;
				LastUpgradeCheck = 0730;
				ORGANIZATIONNAME = "Weerayoot Ngandee";
				TargetAttributes = {
					DEC823211D44CFE600B7EFC2 = {
						CreatedOnToolsVersion = 7.3.1;
					};
					DEC823371D44CFE600B7EFC2 = {
						CreatedOnToolsVersion = 7.3.1;
						TestTargetID = DEC823211D44CFE600B7EFC2;
					};
					DEC823421D44CFE600B7EFC2 = {
						CreatedOnToolsVersion = 7.3.1;
						TestTargetID = DEC823211D44CFE600B7EFC2;
					};
				};
			};
			buildConfigurationList = DEC8231D1D44CFE600B7EFC2 /* Build configuration list for PBXProject "Searcher" */;
			compatibilityVersion = "Xcode 3.2";
			developmentRegion = English;
			hasScannedForEncodings = 0;
			knownRegions = (
				en,
				Base,
			);
			mainGroup = DEC823191D44CFE600B7EFC2;
			productRefGroup = DEC823231D44CFE600B7EFC2 /* Products */;
			projectDirPath = "";
			projectRoot = "";
			targets = (
				DEC823211D44CFE600B7EFC2 /* Searcher */,
				DEC823371D44CFE600B7EFC2 /* SearcherTests */,
				DEC823421D44CFE600B7EFC2 /* SearcherUITests */,
			);
		};
/* End PBXProject section */

/* Begin PBXResourcesBuildPhase section */
		DEC823201D44CFE600B7EFC2 /* Resources */ = {
			isa = PBXResourcesBuildPhase;
			buildActionMask = 2147483647;
			files = (
				DEC823321D44CFE600B7EFC2 /* LaunchScreen.storyboard in Resources */,
				DEC8232F1D44CFE600B7EFC2 /* Assets.xcassets in Resources */,
				DE2E394E1D63FF9400A118FB /* data.json in Resources */,
				DEC8232D1D44CFE600B7EFC2 /* Main.storyboard in Resources */,
			);
			runOnlyForDeploymentPostprocessing = 0;
		};
		DEC823361D44CFE600B7EFC2 /* Resources */ = {
			isa = PBXResourcesBuildPhase;
			buildActionMask = 2147483647;
			files = (
			);
			runOnlyForDeploymentPostprocessing = 0;
		};
		DEC823411D44CFE600B7EFC2 /* Resources */ = {
			isa = PBXResourcesBuildPhase;
			buildActionMask = 2147483647;
			files = (
			);
			runOnlyForDeploymentPostprocessing = 0;
		};
/* End PBXResourcesBuildPhase section */

/* Begin PBXShellScriptBuildPhase section */
		1F84E82B78BC97E9CEFE2D77 /* [CP] Embed Pods Frameworks */ = {
			isa = PBXShellScriptBuildPhase;
			buildActionMask = 2147483647;
			files = (
			);
			inputPaths = (
			);
			name = "[CP] Embed Pods Frameworks";
			outputPaths = (
			);
			runOnlyForDeploymentPostprocessing = 0;
			shellPath = /bin/sh;
			shellScript = "\"${SRCROOT}/Pods/Target Support Files/Pods-SearcherTests/Pods-SearcherTests-frameworks.sh\"\n";
			showEnvVarsInLog = 0;
		};
		4740BF2A432A9BCC90F1F7C9 /* [CP] Check Pods Manifest.lock */ = {
			isa = PBXShellScriptBuildPhase;
			buildActionMask = 2147483647;
			files = (
			);
			inputPaths = (
			);
			name = "[CP] Check Pods Manifest.lock";
			outputPaths = (
			);
			runOnlyForDeploymentPostprocessing = 0;
			shellPath = /bin/sh;
			shellScript = "diff \"${PODS_ROOT}/../Podfile.lock\" \"${PODS_ROOT}/Manifest.lock\" > /dev/null\nif [[ $? != 0 ]] ; then\n    cat << EOM\nerror: The sandbox is not in sync with the Podfile.lock. Run 'pod install' or update your CocoaPods installation.\nEOM\n    exit 1\nfi\n";
			showEnvVarsInLog = 0;
		};
		730710C1525FEF7EB8523E2E /* [CP] Copy Pods Resources */ = {
			isa = PBXShellScriptBuildPhase;
			buildActionMask = 2147483647;
			files = (
			);
			inputPaths = (
			);
			name = "[CP] Copy Pods Resources";
			outputPaths = (
			);
			runOnlyForDeploymentPostprocessing = 0;
			shellPath = /bin/sh;
			shellScript = "\"${SRCROOT}/Pods/Target Support Files/Pods-Searcher/Pods-Searcher-resources.sh\"\n";
			showEnvVarsInLog = 0;
		};
		74407355485D2E3712CF984F /* [CP] Copy Pods Resources */ = {
			isa = PBXShellScriptBuildPhase;
			buildActionMask = 2147483647;
			files = (
			);
			inputPaths = (
			);
			name = "[CP] Copy Pods Resources";
			outputPaths = (
			);
			runOnlyForDeploymentPostprocessing = 0;
			shellPath = /bin/sh;
			shellScript = "\"${SRCROOT}/Pods/Target Support Files/Pods-SearcherTests/Pods-SearcherTests-resources.sh\"\n";
			showEnvVarsInLog = 0;
		};
		77E76A346BFC822393D6D0DF /* [CP] Check Pods Manifest.lock */ = {
			isa = PBXShellScriptBuildPhase;
			buildActionMask = 2147483647;
			files = (
			);
			inputPaths = (
			);
			name = "[CP] Check Pods Manifest.lock";
			outputPaths = (
			);
			runOnlyForDeploymentPostprocessing = 0;
			shellPath = /bin/sh;
			shellScript = "diff \"${PODS_ROOT}/../Podfile.lock\" \"${PODS_ROOT}/Manifest.lock\" > /dev/null\nif [[ $? != 0 ]] ; then\n    cat << EOM\nerror: The sandbox is not in sync with the Podfile.lock. Run 'pod install' or update your CocoaPods installation.\nEOM\n    exit 1\nfi\n";
			showEnvVarsInLog = 0;
		};
		78F9DC980C7C5806B441E3AC /* [CP] Check Pods Manifest.lock */ = {
			isa = PBXShellScriptBuildPhase;
			buildActionMask = 2147483647;
			files = (
			);
			inputPaths = (
			);
			name = "[CP] Check Pods Manifest.lock";
			outputPaths = (
			);
			runOnlyForDeploymentPostprocessing = 0;
			shellPath = /bin/sh;
			shellScript = "diff \"${PODS_ROOT}/../Podfile.lock\" \"${PODS_ROOT}/Manifest.lock\" > /dev/null\nif [[ $? != 0 ]] ; then\n    cat << EOM\nerror: The sandbox is not in sync with the Podfile.lock. Run 'pod install' or update your CocoaPods installation.\nEOM\n    exit 1\nfi\n";
			showEnvVarsInLog = 0;
		};
		8B802ABA191A4118F2470047 /* [CP] Copy Pods Resources */ = {
			isa = PBXShellScriptBuildPhase;
			buildActionMask = 2147483647;
			files = (
			);
			inputPaths = (
			);
			name = "[CP] Copy Pods Resources";
			outputPaths = (
			);
			runOnlyForDeploymentPostprocessing = 0;
			shellPath = /bin/sh;
			shellScript = "\"${SRCROOT}/Pods/Target Support Files/Pods-SearcherUITests/Pods-SearcherUITests-resources.sh\"\n";
			showEnvVarsInLog = 0;
		};
		A41024D38B7285FB46091A31 /* [CP] Embed Pods Frameworks */ = {
			isa = PBXShellScriptBuildPhase;
			buildActionMask = 2147483647;
			files = (
			);
			inputPaths = (
			);
			name = "[CP] Embed Pods Frameworks";
			outputPaths = (
			);
			runOnlyForDeploymentPostprocessing = 0;
			shellPath = /bin/sh;
			shellScript = "\"${SRCROOT}/Pods/Target Support Files/Pods-Searcher/Pods-Searcher-frameworks.sh\"\n";
			showEnvVarsInLog = 0;
		};
/* End PBXShellScriptBuildPhase section */

/* Begin PBXSourcesBuildPhase section */
		DEC8231E1D44CFE600B7EFC2 /* Sources */ = {
			isa = PBXSourcesBuildPhase;
			buildActionMask = 2147483647;
			files = (
				DE4CF89D1D51314D00FB9992 /* CustomBar.swift in Sources */,
				DEC823261D44CFE600B7EFC2 /* AppDelegate.swift in Sources */,
				DEC823661D44F40000B7EFC2 /* Candy.swift in Sources */,
				DEB087321D5EB63B0053D722 /* KeywordObj.swift in Sources */,
				DEC8235F1D44EA2C00B7EFC2 /* SearchViewController.swift in Sources */,
				DEC823611D44EA3F00B7EFC2 /* BookmarkViewController.swift in Sources */,
				DEC823631D44EA5100B7EFC2 /* SettingsViewController.swift in Sources */,
				DEB087301D5EB48D0053D722 /* SearchObj.swift in Sources */,
			);
			runOnlyForDeploymentPostprocessing = 0;
		};
		DEC823341D44CFE600B7EFC2 /* Sources */ = {
			isa = PBXSourcesBuildPhase;
			buildActionMask = 2147483647;
			files = (
				DEC8233D1D44CFE600B7EFC2 /* SearcherTests.swift in Sources */,
			);
			runOnlyForDeploymentPostprocessing = 0;
		};
		DEC8233F1D44CFE600B7EFC2 /* Sources */ = {
			isa = PBXSourcesBuildPhase;
			buildActionMask = 2147483647;
			files = (
				DEC823481D44CFE600B7EFC2 /* SearcherUITests.swift in Sources */,
			);
			runOnlyForDeploymentPostprocessing = 0;
		};
/* End PBXSourcesBuildPhase section */

/* Begin PBXTargetDependency section */
		DEC8233A1D44CFE600B7EFC2 /* PBXTargetDependency */ = {
			isa = PBXTargetDependency;
			target = DEC823211D44CFE600B7EFC2 /* Searcher */;
			targetProxy = DEC823391D44CFE600B7EFC2 /* PBXContainerItemProxy */;
		};
		DEC823451D44CFE600B7EFC2 /* PBXTargetDependency */ = {
			isa = PBXTargetDependency;
			target = DEC823211D44CFE600B7EFC2 /* Searcher */;
			targetProxy = DEC823441D44CFE600B7EFC2 /* PBXContainerItemProxy */;
		};
/* End PBXTargetDependency section */

/* Begin PBXVariantGroup section */
		DEC8232B1D44CFE600B7EFC2 /* Main.storyboard */ = {
			isa = PBXVariantGroup;
			children = (
				DEC8232C1D44CFE600B7EFC2 /* Base */,
			);
			name = Main.storyboard;
			sourceTree = "<group>";
		};
		DEC823301D44CFE600B7EFC2 /* LaunchScreen.storyboard */ = {
			isa = PBXVariantGroup;
			children = (
				DEC823311D44CFE600B7EFC2 /* Base */,
			);
			name = LaunchScreen.storyboard;
			sourceTree = "<group>";
		};
/* End PBXVariantGroup section */

/* Begin XCBuildConfiguration section */
		DEC8234A1D44CFE600B7EFC2 /* Debug */ = {
			isa = XCBuildConfiguration;
			buildSettings = {
				ALWAYS_SEARCH_USER_PATHS = NO;
				CLANG_ANALYZER_NONNULL = YES;
				CLANG_CXX_LANGUAGE_STANDARD = "gnu++0x";
				CLANG_CXX_LIBRARY = "libc++";
				CLANG_ENABLE_MODULES = YES;
				CLANG_ENABLE_OBJC_ARC = YES;
				CLANG_WARN_BOOL_CONVERSION = YES;
				CLANG_WARN_CONSTANT_CONVERSION = YES;
				CLANG_WARN_DIRECT_OBJC_ISA_USAGE = YES_ERROR;
				CLANG_WARN_EMPTY_BODY = YES;
				CLANG_WARN_ENUM_CONVERSION = YES;
				CLANG_WARN_INT_CONVERSION = YES;
				CLANG_WARN_OBJC_ROOT_CLASS = YES_ERROR;
				CLANG_WARN_UNREACHABLE_CODE = YES;
				CLANG_WARN__DUPLICATE_METHOD_MATCH = YES;
				"CODE_SIGN_IDENTITY[sdk=iphoneos*]" = "iPhone Developer";
				COPY_PHASE_STRIP = NO;
				DEBUG_INFORMATION_FORMAT = dwarf;
				ENABLE_STRICT_OBJC_MSGSEND = YES;
				ENABLE_TESTABILITY = YES;
				GCC_C_LANGUAGE_STANDARD = gnu99;
				GCC_DYNAMIC_NO_PIC = NO;
				GCC_NO_COMMON_BLOCKS = YES;
				GCC_OPTIMIZATION_LEVEL = 0;
				GCC_PREPROCESSOR_DEFINITIONS = (
					"DEBUG=1",
					"$(inherited)",
				);
				GCC_WARN_64_TO_32_BIT_CONVERSION = YES;
				GCC_WARN_ABOUT_RETURN_TYPE = YES_ERROR;
				GCC_WARN_UNDECLARED_SELECTOR = YES;
				GCC_WARN_UNINITIALIZED_AUTOS = YES_AGGRESSIVE;
				GCC_WARN_UNUSED_FUNCTION = YES;
				GCC_WARN_UNUSED_VARIABLE = YES;
				IPHONEOS_DEPLOYMENT_TARGET = 9.3;
				MTL_ENABLE_DEBUG_INFO = YES;
				ONLY_ACTIVE_ARCH = YES;
				SDKROOT = iphoneos;
				SWIFT_OPTIMIZATION_LEVEL = "-Onone";
				TARGETED_DEVICE_FAMILY = "1,2";
			};
			name = Debug;
		};
		DEC8234B1D44CFE600B7EFC2 /* Release */ = {
			isa = XCBuildConfiguration;
			buildSettings = {
				ALWAYS_SEARCH_USER_PATHS = NO;
				CLANG_ANALYZER_NONNULL = YES;
				CLANG_CXX_LANGUAGE_STANDARD = "gnu++0x";
				CLANG_CXX_LIBRARY = "libc++";
				CLANG_ENABLE_MODULES = YES;
				CLANG_ENABLE_OBJC_ARC = YES;
				CLANG_WARN_BOOL_CONVERSION = YES;
				CLANG_WARN_CONSTANT_CONVERSION = YES;
				CLANG_WARN_DIRECT_OBJC_ISA_USAGE = YES_ERROR;
				CLANG_WARN_EMPTY_BODY = YES;
				CLANG_WARN_ENUM_CONVERSION = YES;
				CLANG_WARN_INT_CONVERSION = YES;
				CLANG_WARN_OBJC_ROOT_CLASS = YES_ERROR;
				CLANG_WARN_UNREACHABLE_CODE = YES;
				CLANG_WARN__DUPLICATE_METHOD_MATCH = YES;
				"CODE_SIGN_IDENTITY[sdk=iphoneos*]" = "iPhone Developer";
				COPY_PHASE_STRIP = NO;
				DEBUG_INFORMATION_FORMAT = "dwarf-with-dsym";
				ENABLE_NS_ASSERTIONS = NO;
				ENABLE_STRICT_OBJC_MSGSEND = YES;
				GCC_C_LANGUAGE_STANDARD = gnu99;
				GCC_NO_COMMON_BLOCKS = YES;
				GCC_WARN_64_TO_32_BIT_CONVERSION = YES;
				GCC_WARN_ABOUT_RETURN_TYPE = YES_ERROR;
				GCC_WARN_UNDECLARED_SELECTOR = YES;
				GCC_WARN_UNINITIALIZED_AUTOS = YES_AGGRESSIVE;
				GCC_WARN_UNUSED_FUNCTION = YES;
				GCC_WARN_UNUSED_VARIABLE = YES;
				IPHONEOS_DEPLOYMENT_TARGET = 9.3;
				MTL_ENABLE_DEBUG_INFO = NO;
				SDKROOT = iphoneos;
				TARGETED_DEVICE_FAMILY = "1,2";
				VALIDATE_PRODUCT = YES;
			};
			name = Release;
		};
		DEC8234D1D44CFE600B7EFC2 /* Debug */ = {
			isa = XCBuildConfiguration;
			baseConfigurationReference = 87F96D9226CF5309EB00D48F /* Pods-Searcher.debug.xcconfig */;
			buildSettings = {
				ASSETCATALOG_COMPILER_APPICON_NAME = AppIcon;
				INFOPLIST_FILE = Searcher/Info.plist;
				IPHONEOS_DEPLOYMENT_TARGET = 9.0;
				LD_RUNPATH_SEARCH_PATHS = "$(inherited) @executable_path/Frameworks";
				PRODUCT_BUNDLE_IDENTIFIER = com.hexacoda.testappdev.Searcher;
				PRODUCT_NAME = "$(TARGET_NAME)";
			};
			name = Debug;
		};
		DEC8234E1D44CFE600B7EFC2 /* Release */ = {
			isa = XCBuildConfiguration;
			baseConfigurationReference = D402CB2E0CAF33E55C16CA0E /* Pods-Searcher.release.xcconfig */;
			buildSettings = {
				ASSETCATALOG_COMPILER_APPICON_NAME = AppIcon;
				INFOPLIST_FILE = Searcher/Info.plist;
				IPHONEOS_DEPLOYMENT_TARGET = 9.0;
				LD_RUNPATH_SEARCH_PATHS = "$(inherited) @executable_path/Frameworks";
				PRODUCT_BUNDLE_IDENTIFIER = com.hexacoda.testappdev.Searcher;
				PRODUCT_NAME = "$(TARGET_NAME)";
			};
			name = Release;
		};
		DEC823501D44CFE600B7EFC2 /* Debug */ = {
			isa = XCBuildConfiguration;
			baseConfigurationReference = 87336D318819546DE6E4EA0B /* Pods-SearcherTests.debug.xcconfig */;
			buildSettings = {
				BUNDLE_LOADER = "$(TEST_HOST)";
				INFOPLIST_FILE = SearcherTests/Info.plist;
				LD_RUNPATH_SEARCH_PATHS = "$(inherited) @executable_path/Frameworks @loader_path/Frameworks";
				PRODUCT_BUNDLE_IDENTIFIER = com.hexacoda.testappdev.SearcherTests;
				PRODUCT_NAME = "$(TARGET_NAME)";
				TEST_HOST = "$(BUILT_PRODUCTS_DIR)/Searcher.app/Searcher";
			};
			name = Debug;
		};
		DEC823511D44CFE600B7EFC2 /* Release */ = {
			isa = XCBuildConfiguration;
			baseConfigurationReference = DF1B3F1066E09A1F8656E42A /* Pods-SearcherTests.release.xcconfig */;
			buildSettings = {
				BUNDLE_LOADER = "$(TEST_HOST)";
				INFOPLIST_FILE = SearcherTests/Info.plist;
				LD_RUNPATH_SEARCH_PATHS = "$(inherited) @executable_path/Frameworks @loader_path/Frameworks";
				PRODUCT_BUNDLE_IDENTIFIER = com.hexacoda.testappdev.SearcherTests;
				PRODUCT_NAME = "$(TARGET_NAME)";
				TEST_HOST = "$(BUILT_PRODUCTS_DIR)/Searcher.app/Searcher";
			};
			name = Release;
		};
		DEC823531D44CFE600B7EFC2 /* Debug */ = {
			isa = XCBuildConfiguration;
			baseConfigurationReference = BCDA089A3AF81BEF47620E51 /* Pods-SearcherUITests.debug.xcconfig */;
			buildSettings = {
				INFOPLIST_FILE = SearcherUITests/Info.plist;
				LD_RUNPATH_SEARCH_PATHS = "$(inherited) @executable_path/Frameworks @loader_path/Frameworks";
				PRODUCT_BUNDLE_IDENTIFIER = com.hexacoda.testappdev.SearcherUITests;
				PRODUCT_NAME = "$(TARGET_NAME)";
				TEST_TARGET_NAME = Searcher;
			};
			name = Debug;
		};
		DEC823541D44CFE600B7EFC2 /* Release */ = {
			isa = XCBuildConfiguration;
			baseConfigurationReference = 48465598C2761367118226A0 /* Pods-SearcherUITests.release.xcconfig */;
			buildSettings = {
				INFOPLIST_FILE = SearcherUITests/Info.plist;
				LD_RUNPATH_SEARCH_PATHS = "$(inherited) @executable_path/Frameworks @loader_path/Frameworks";
				PRODUCT_BUNDLE_IDENTIFIER = com.hexacoda.testappdev.SearcherUITests;
				PRODUCT_NAME = "$(TARGET_NAME)";
				TEST_TARGET_NAME = Searcher;
			};
			name = Release;
		};
/* End XCBuildConfiguration section */

/* Begin XCConfigurationList section */
		DEC8231D1D44CFE600B7EFC2 /* Build configuration list for PBXProject "Searcher" */ = {
			isa = XCConfigurationList;
			buildConfigurations = (
				DEC8234A1D44CFE600B7EFC2 /* Debug */,
				DEC8234B1D44CFE600B7EFC2 /* Release */,
			);
			defaultConfigurationIsVisible = 0;
			defaultConfigurationName = Release;
		};
		DEC8234C1D44CFE600B7EFC2 /* Build configuration list for PBXNativeTarget "Searcher" */ = {
			isa = XCConfigurationList;
			buildConfigurations = (
				DEC8234D1D44CFE600B7EFC2 /* Debug */,
				DEC8234E1D44CFE600B7EFC2 /* Release */,
			);
			defaultConfigurationIsVisible = 0;
			defaultConfigurationName = Release;
		};
		DEC8234F1D44CFE600B7EFC2 /* Build configuration list for PBXNativeTarget "SearcherTests" */ = {
			isa = XCConfigurationList;
			buildConfigurations = (
				DEC823501D44CFE600B7EFC2 /* Debug */,
				DEC823511D44CFE600B7EFC2 /* Release */,
			);
			defaultConfigurationIsVisible = 0;
			defaultConfigurationName = Release;
		};
		DEC823521D44CFE600B7EFC2 /* Build configuration list for PBXNativeTarget "SearcherUITests" */ = {
			isa = XCConfigurationList;
			buildConfigurations = (
				DEC823531D44CFE600B7EFC2 /* Debug */,
				DEC823541D44CFE600B7EFC2 /* Release */,
			);
			defaultConfigurationIsVisible = 0;
			defaultConfigurationName = Release;
		};
/* End XCConfigurationList section */
	};
	rootObject = DEC8231A1D44CFE600B7EFC2 /* Project object */;
}
